// !$*UTF8*$!
{
	archiveVersion = 1;
	classes = {
	};
	objectVersion = 48;
	objects = {

/* Begin PBXBuildFile section */
		9F1FFC7B212588240008A2E9 /* AppDelegate.swift in Sources */ = {isa = PBXBuildFile; fileRef = 9F1FFC7A212588240008A2E9 /* AppDelegate.swift */; };
		9F1FFC7D212588240008A2E9 /* MainViewController.swift in Sources */ = {isa = PBXBuildFile; fileRef = 9F1FFC7C212588240008A2E9 /* MainViewController.swift */; };
		9F1FFC83212588240008A2E9 /* Poshmark_WebView.xcdatamodeld in Sources */ = {isa = PBXBuildFile; fileRef = 9F1FFC81212588240008A2E9 /* Poshmark_WebView.xcdatamodeld */; };
		9F1FFC85212588240008A2E9 /* Assets.xcassets in Resources */ = {isa = PBXBuildFile; fileRef = 9F1FFC84212588240008A2E9 /* Assets.xcassets */; };
		9F1FFC88212588240008A2E9 /* LaunchScreen.storyboard in Resources */ = {isa = PBXBuildFile; fileRef = 9F1FFC86212588240008A2E9 /* LaunchScreen.storyboard */; };
		9F1FFC93212588240008A2E9 /* Poshmark_WebViewTests.swift in Sources */ = {isa = PBXBuildFile; fileRef = 9F1FFC92212588240008A2E9 /* Poshmark_WebViewTests.swift */; };
		9F1FFC9E212588240008A2E9 /* Poshmark_WebViewUITests.swift in Sources */ = {isa = PBXBuildFile; fileRef = 9F1FFC9D212588240008A2E9 /* Poshmark_WebViewUITests.swift */; };
		9F1FFCAC212597BB0008A2E9 /* script.js in Resources */ = {isa = PBXBuildFile; fileRef = 9F1FFCAB212597BB0008A2E9 /* script.js */; };
		9FA8732A21350CD8003256A0 /* MainViews.swift in Sources */ = {isa = PBXBuildFile; fileRef = 9FA8732921350CD8003256A0 /* MainViews.swift */; };
		9FA8732C21350D77003256A0 /* WKWebView+Additions.swift in Sources */ = {isa = PBXBuildFile; fileRef = 9FA8732B21350D77003256A0 /* WKWebView+Additions.swift */; };
/* End PBXBuildFile section */

/* Begin PBXContainerItemProxy section */
		9F1FFC8F212588240008A2E9 /* PBXContainerItemProxy */ = {
			isa = PBXContainerItemProxy;
			containerPortal = 9F1FFC6F212588240008A2E9 /* Project object */;
			proxyType = 1;
			remoteGlobalIDString = 9F1FFC76212588240008A2E9;
			remoteInfo = "Poshmark WebView";
		};
		9F1FFC9A212588240008A2E9 /* PBXContainerItemProxy */ = {
			isa = PBXContainerItemProxy;
			containerPortal = 9F1FFC6F212588240008A2E9 /* Project object */;
			proxyType = 1;
			remoteGlobalIDString = 9F1FFC76212588240008A2E9;
			remoteInfo = "Poshmark WebView";
		};
/* End PBXContainerItemProxy section */

/* Begin PBXFileReference section */
		9F1FFC77212588240008A2E9 /* Poshmark WebView.app */ = {isa = PBXFileReference; explicitFileType = wrapper.application; includeInIndex = 0; path = "Poshmark WebView.app"; sourceTree = BUILT_PRODUCTS_DIR; };
		9F1FFC7A212588240008A2E9 /* AppDelegate.swift */ = {isa = PBXFileReference; lastKnownFileType = sourcecode.swift; path = AppDelegate.swift; sourceTree = "<group>"; };
		9F1FFC7C212588240008A2E9 /* MainViewController.swift */ = {isa = PBXFileReference; lastKnownFileType = sourcecode.swift; path = MainViewController.swift; sourceTree = "<group>"; };
		9F1FFC82212588240008A2E9 /* Poshmark_WebView.xcdatamodel */ = {isa = PBXFileReference; lastKnownFileType = wrapper.xcdatamodel; path = Poshmark_WebView.xcdatamodel; sourceTree = "<group>"; };
		9F1FFC84212588240008A2E9 /* Assets.xcassets */ = {isa = PBXFileReference; lastKnownFileType = folder.assetcatalog; path = Assets.xcassets; sourceTree = "<group>"; };
		9F1FFC87212588240008A2E9 /* Base */ = {isa = PBXFileReference; lastKnownFileType = file.storyboard; name = Base; path = Base.lproj/LaunchScreen.storyboard; sourceTree = "<group>"; };
		9F1FFC89212588240008A2E9 /* Info.plist */ = {isa = PBXFileReference; lastKnownFileType = text.plist.xml; path = Info.plist; sourceTree = "<group>"; };
		9F1FFC8E212588240008A2E9 /* Poshmark WebViewTests.xctest */ = {isa = PBXFileReference; explicitFileType = wrapper.cfbundle; includeInIndex = 0; path = "Poshmark WebViewTests.xctest"; sourceTree = BUILT_PRODUCTS_DIR; };
		9F1FFC92212588240008A2E9 /* Poshmark_WebViewTests.swift */ = {isa = PBXFileReference; lastKnownFileType = sourcecode.swift; path = Poshmark_WebViewTests.swift; sourceTree = "<group>"; };
		9F1FFC94212588240008A2E9 /* Info.plist */ = {isa = PBXFileReference; lastKnownFileType = text.plist.xml; path = Info.plist; sourceTree = "<group>"; };
		9F1FFC99212588240008A2E9 /* Poshmark WebViewUITests.xctest */ = {isa = PBXFileReference; explicitFileType = wrapper.cfbundle; includeInIndex = 0; path = "Poshmark WebViewUITests.xctest"; sourceTree = BUILT_PRODUCTS_DIR; };
		9F1FFC9D212588240008A2E9 /* Poshmark_WebViewUITests.swift */ = {isa = PBXFileReference; lastKnownFileType = sourcecode.swift; path = Poshmark_WebViewUITests.swift; sourceTree = "<group>"; };
		9F1FFC9F212588240008A2E9 /* Info.plist */ = {isa = PBXFileReference; lastKnownFileType = text.plist.xml; path = Info.plist; sourceTree = "<group>"; };
		9F1FFCAB212597BB0008A2E9 /* script.js */ = {isa = PBXFileReference; lastKnownFileType = sourcecode.javascript; path = script.js; sourceTree = "<group>"; };
		9FA8732921350CD8003256A0 /* MainViews.swift */ = {isa = PBXFileReference; lastKnownFileType = sourcecode.swift; path = MainViews.swift; sourceTree = "<group>"; };
		9FA8732B21350D77003256A0 /* WKWebView+Additions.swift */ = {isa = PBXFileReference; lastKnownFileType = sourcecode.swift; path = "WKWebView+Additions.swift"; sourceTree = "<group>"; };
/* End PBXFileReference section */

/* Begin PBXFrameworksBuildPhase section */
		9F1FFC74212588240008A2E9 /* Frameworks */ = {
			isa = PBXFrameworksBuildPhase;
			buildActionMask = 2147483647;
			files = (
			);
			runOnlyForDeploymentPostprocessing = 0;
		};
		9F1FFC8B212588240008A2E9 /* Frameworks */ = {
			isa = PBXFrameworksBuildPhase;
			buildActionMask = 2147483647;
			files = (
			);
			runOnlyForDeploymentPostprocessing = 0;
		};
		9F1FFC96212588240008A2E9 /* Frameworks */ = {
			isa = PBXFrameworksBuildPhase;
			buildActionMask = 2147483647;
			files = (
			);
			runOnlyForDeploymentPostprocessing = 0;
		};
/* End PBXFrameworksBuildPhase section */

/* Begin PBXGroup section */
		9F1FFC6E212588240008A2E9 = {
			isa = PBXGroup;
			children = (
				9F1FFC79212588240008A2E9 /* Poshmark WebView */,
				9F1FFC91212588240008A2E9 /* Poshmark WebViewTests */,
				9F1FFC9C212588240008A2E9 /* Poshmark WebViewUITests */,
				9F1FFC78212588240008A2E9 /* Products */,
			);
			sourceTree = "<group>";
		};
		9F1FFC78212588240008A2E9 /* Products */ = {
			isa = PBXGroup;
			children = (
				9F1FFC77212588240008A2E9 /* Poshmark WebView.app */,
				9F1FFC8E212588240008A2E9 /* Poshmark WebViewTests.xctest */,
				9F1FFC99212588240008A2E9 /* Poshmark WebViewUITests.xctest */,
			);
			name = Products;
			sourceTree = "<group>";
		};
		9F1FFC79212588240008A2E9 /* Poshmark WebView */ = {
			isa = PBXGroup;
			children = (
				9FA8732821350C31003256A0 /* Models */,
				9FA8732221350B68003256A0 /* Assets */,
				9FA8732121350B57003256A0 /* Application */,
				9FA8732321350B78003256A0 /* Scripts */,
				9F1FFC84212588240008A2E9 /* Assets.xcassets */,
				9F1FFC86212588240008A2E9 /* LaunchScreen.storyboard */,
				9F1FFC89212588240008A2E9 /* Info.plist */,
				9F1FFC81212588240008A2E9 /* Poshmark_WebView.xcdatamodeld */,
			);
			path = "Poshmark WebView";
			sourceTree = "<group>";
		};
		9F1FFC91212588240008A2E9 /* Poshmark WebViewTests */ = {
			isa = PBXGroup;
			children = (
				9F1FFC92212588240008A2E9 /* Poshmark_WebViewTests.swift */,
				9F1FFC94212588240008A2E9 /* Info.plist */,
			);
			path = "Poshmark WebViewTests";
			sourceTree = "<group>";
		};
		9F1FFC9C212588240008A2E9 /* Poshmark WebViewUITests */ = {
			isa = PBXGroup;
			children = (
				9F1FFC9D212588240008A2E9 /* Poshmark_WebViewUITests.swift */,
				9F1FFC9F212588240008A2E9 /* Info.plist */,
			);
			path = "Poshmark WebViewUITests";
			sourceTree = "<group>";
		};
		9FA8732121350B57003256A0 /* Application */ = {
			isa = PBXGroup;
			children = (
				9FA8732421350BA4003256A0 /* Main */,
				9FA8732621350BDD003256A0 /* Common */,
				9FA8732721350BE3003256A0 /* Extensions */,
			);
			path = Application;
			sourceTree = "<group>";
		};
		9FA8732221350B68003256A0 /* Assets */ = {
			isa = PBXGroup;
			children = (
			);
			path = Assets;
			sourceTree = "<group>";
		};
		9FA8732321350B78003256A0 /* Scripts */ = {
			isa = PBXGroup;
			children = (
				9F1FFCAB212597BB0008A2E9 /* script.js */,
			);
			path = Scripts;
			sourceTree = "<group>";
		};
		9FA8732421350BA4003256A0 /* Main */ = {
			isa = PBXGroup;
			children = (
				9F1FFC7A212588240008A2E9 /* AppDelegate.swift */,
				9F1FFC7C212588240008A2E9 /* MainViewController.swift */,
				9FA8732921350CD8003256A0 /* MainViews.swift */,
			);
			path = Main;
			sourceTree = "<group>";
		};
		9FA8732621350BDD003256A0 /* Common */ = {
			isa = PBXGroup;
			children = (
			);
			path = Common;
			sourceTree = "<group>";
		};
		9FA8732721350BE3003256A0 /* Extensions */ = {
			isa = PBXGroup;
			children = (
				9FA8732B21350D77003256A0 /* WKWebView+Additions.swift */,
			);
			path = Extensions;
			sourceTree = "<group>";
		};
		9FA8732821350C31003256A0 /* Models */ = {
			isa = PBXGroup;
			children = (
			);
			path = Models;
			sourceTree = "<group>";
		};
/* End PBXGroup section */

/* Begin PBXNativeTarget section */
		9F1FFC76212588240008A2E9 /* Poshmark WebView */ = {
			isa = PBXNativeTarget;
			buildConfigurationList = 9F1FFCA2212588240008A2E9 /* Build configuration list for PBXNativeTarget "Poshmark WebView" */;
			buildPhases = (
				9F1FFC73212588240008A2E9 /* Sources */,
				9F1FFC74212588240008A2E9 /* Frameworks */,
				9F1FFC75212588240008A2E9 /* Resources */,
			);
			buildRules = (
			);
			dependencies = (
			);
			name = "Poshmark WebView";
			productName = "Poshmark WebView";
			productReference = 9F1FFC77212588240008A2E9 /* Poshmark WebView.app */;
			productType = "com.apple.product-type.application";
		};
		9F1FFC8D212588240008A2E9 /* Poshmark WebViewTests */ = {
			isa = PBXNativeTarget;
			buildConfigurationList = 9F1FFCA5212588240008A2E9 /* Build configuration list for PBXNativeTarget "Poshmark WebViewTests" */;
			buildPhases = (
				9F1FFC8A212588240008A2E9 /* Sources */,
				9F1FFC8B212588240008A2E9 /* Frameworks */,
				9F1FFC8C212588240008A2E9 /* Resources */,
			);
			buildRules = (
			);
			dependencies = (
				9F1FFC90212588240008A2E9 /* PBXTargetDependency */,
			);
			name = "Poshmark WebViewTests";
			productName = "Poshmark WebViewTests";
			productReference = 9F1FFC8E212588240008A2E9 /* Poshmark WebViewTests.xctest */;
			productType = "com.apple.product-type.bundle.unit-test";
		};
		9F1FFC98212588240008A2E9 /* Poshmark WebViewUITests */ = {
			isa = PBXNativeTarget;
			buildConfigurationList = 9F1FFCA8212588240008A2E9 /* Build configuration list for PBXNativeTarget "Poshmark WebViewUITests" */;
			buildPhases = (
				9F1FFC95212588240008A2E9 /* Sources */,
				9F1FFC96212588240008A2E9 /* Frameworks */,
				9F1FFC97212588240008A2E9 /* Resources */,
			);
			buildRules = (
			);
			dependencies = (
				9F1FFC9B212588240008A2E9 /* PBXTargetDependency */,
			);
			name = "Poshmark WebViewUITests";
			productName = "Poshmark WebViewUITests";
			productReference = 9F1FFC99212588240008A2E9 /* Poshmark WebViewUITests.xctest */;
			productType = "com.apple.product-type.bundle.ui-testing";
		};
/* End PBXNativeTarget section */

/* Begin PBXProject section */
		9F1FFC6F212588240008A2E9 /* Project object */ = {
			isa = PBXProject;
			attributes = {
				LastSwiftUpdateCheck = 0920;
				LastUpgradeCheck = 0920;
				ORGANIZATIONNAME = SkylerBala;
				TargetAttributes = {
					9F1FFC76212588240008A2E9 = {
						CreatedOnToolsVersion = 9.2;
						ProvisioningStyle = Automatic;
					};
					9F1FFC8D212588240008A2E9 = {
						CreatedOnToolsVersion = 9.2;
						ProvisioningStyle = Automatic;
						TestTargetID = 9F1FFC76212588240008A2E9;
					};
					9F1FFC98212588240008A2E9 = {
						CreatedOnToolsVersion = 9.2;
						ProvisioningStyle = Automatic;
						TestTargetID = 9F1FFC76212588240008A2E9;
					};
				};
			};
			buildConfigurationList = 9F1FFC72212588240008A2E9 /* Build configuration list for PBXProject "Poshmark WebView" */;
			compatibilityVersion = "Xcode 8.0";
			developmentRegion = en;
			hasScannedForEncodings = 0;
			knownRegions = (
				en,
				Base,
			);
			mainGroup = 9F1FFC6E212588240008A2E9;
			productRefGroup = 9F1FFC78212588240008A2E9 /* Products */;
			projectDirPath = "";
			projectRoot = "";
			targets = (
				9F1FFC76212588240008A2E9 /* Poshmark WebView */,
				9F1FFC8D212588240008A2E9 /* Poshmark WebViewTests */,
				9F1FFC98212588240008A2E9 /* Poshmark WebViewUITests */,
			);
		};
/* End PBXProject section */

/* Begin PBXResourcesBuildPhase section */
		9F1FFC75212588240008A2E9 /* Resources */ = {
			isa = PBXResourcesBuildPhase;
			buildActionMask = 2147483647;
			files = (
				9F1FFC88212588240008A2E9 /* LaunchScreen.storyboard in Resources */,
				9F1FFCAC212597BB0008A2E9 /* script.js in Resources */,
				9F1FFC85212588240008A2E9 /* Assets.xcassets in Resources */,
			);
			runOnlyForDeploymentPostprocessing = 0;
		};
		9F1FFC8C212588240008A2E9 /* Resources */ = {
			isa = PBXResourcesBuildPhase;
			buildActionMask = 2147483647;
			files = (
			);
			runOnlyForDeploymentPostprocessing = 0;
		};
		9F1FFC97212588240008A2E9 /* Resources */ = {
			isa = PBXResourcesBuildPhase;
			buildActionMask = 2147483647;
			files = (
			);
			runOnlyForDeploymentPostprocessing = 0;
		};
/* End PBXResourcesBuildPhase section */

/* Begin PBXSourcesBuildPhase section */
		9F1FFC73212588240008A2E9 /* Sources */ = {
			isa = PBXSourcesBuildPhase;
			buildActionMask = 2147483647;
			files = (
				9FA8732A21350CD8003256A0 /* MainViews.swift in Sources */,
				9F1FFC7D212588240008A2E9 /* MainViewController.swift in Sources */,
				9FA8732C21350D77003256A0 /* WKWebView+Additions.swift in Sources */,
				9F1FFC7B212588240008A2E9 /* AppDelegate.swift in Sources */,
				9F1FFC83212588240008A2E9 /* Poshmark_WebView.xcdatamodeld in Sources */,
			);
			runOnlyForDeploymentPostprocessing = 0;
		};
		9F1FFC8A212588240008A2E9 /* Sources */ = {
			isa = PBXSourcesBuildPhase;
			buildActionMask = 2147483647;
			files = (
				9F1FFC93212588240008A2E9 /* Poshmark_WebViewTests.swift in Sources */,
			);
			runOnlyForDeploymentPostprocessing = 0;
		};
		9F1FFC95212588240008A2E9 /* Sources */ = {
			isa = PBXSourcesBuildPhase;
			buildActionMask = 2147483647;
			files = (
				9F1FFC9E212588240008A2E9 /* Poshmark_WebViewUITests.swift in Sources */,
			);
			runOnlyForDeploymentPostprocessing = 0;
		};
/* End PBXSourcesBuildPhase section */

/* Begin PBXTargetDependency section */
		9F1FFC90212588240008A2E9 /* PBXTargetDependency */ = {
			isa = PBXTargetDependency;
			target = 9F1FFC76212588240008A2E9 /* Poshmark WebView */;
			targetProxy = 9F1FFC8F212588240008A2E9 /* PBXContainerItemProxy */;
		};
		9F1FFC9B212588240008A2E9 /* PBXTargetDependency */ = {
			isa = PBXTargetDependency;
			target = 9F1FFC76212588240008A2E9 /* Poshmark WebView */;
			targetProxy = 9F1FFC9A212588240008A2E9 /* PBXContainerItemProxy */;
		};
/* End PBXTargetDependency section */

/* Begin PBXVariantGroup section */
		9F1FFC86212588240008A2E9 /* LaunchScreen.storyboard */ = {
			isa = PBXVariantGroup;
			children = (
				9F1FFC87212588240008A2E9 /* Base */,
			);
			name = LaunchScreen.storyboard;
			sourceTree = "<group>";
		};
/* End PBXVariantGroup section */

/* Begin XCBuildConfiguration section */
		9F1FFCA0212588240008A2E9 /* Debug */ = {
			isa = XCBuildConfiguration;
			buildSettings = {
				ALWAYS_SEARCH_USER_PATHS = NO;
				CLANG_ANALYZER_NONNULL = YES;
				CLANG_ANALYZER_NUMBER_OBJECT_CONVERSION = YES_AGGRESSIVE;
				CLANG_CXX_LANGUAGE_STANDARD = "gnu++14";
				CLANG_CXX_LIBRARY = "libc++";
				CLANG_ENABLE_MODULES = YES;
				CLANG_ENABLE_OBJC_ARC = YES;
				CLANG_WARN_BLOCK_CAPTURE_AUTORELEASING = YES;
				CLANG_WARN_BOOL_CONVERSION = YES;
				CLANG_WARN_COMMA = YES;
				CLANG_WARN_CONSTANT_CONVERSION = YES;
				CLANG_WARN_DIRECT_OBJC_ISA_USAGE = YES_ERROR;
				CLANG_WARN_DOCUMENTATION_COMMENTS = YES;
				CLANG_WARN_EMPTY_BODY = YES;
				CLANG_WARN_ENUM_CONVERSION = YES;
				CLANG_WARN_INFINITE_RECURSION = YES;
				CLANG_WARN_INT_CONVERSION = YES;
				CLANG_WARN_NON_LITERAL_NULL_CONVERSION = YES;
				CLANG_WARN_OBJC_LITERAL_CONVERSION = YES;
				CLANG_WARN_OBJC_ROOT_CLASS = YES_ERROR;
				CLANG_WARN_RANGE_LOOP_ANALYSIS = YES;
				CLANG_WARN_STRICT_PROTOTYPES = YES;
				CLANG_WARN_SUSPICIOUS_MOVE = YES;
				CLANG_WARN_UNGUARDED_AVAILABILITY = YES_AGGRESSIVE;
				CLANG_WARN_UNREACHABLE_CODE = YES;
				CLANG_WARN__DUPLICATE_METHOD_MATCH = YES;
				CODE_SIGN_IDENTITY = "iPhone Developer";
				COPY_PHASE_STRIP = NO;
				DEBUG_INFORMATION_FORMAT = dwarf;
				ENABLE_STRICT_OBJC_MSGSEND = YES;
				ENABLE_TESTABILITY = YES;
				GCC_C_LANGUAGE_STANDARD = gnu11;
				GCC_DYNAMIC_NO_PIC = NO;
				GCC_NO_COMMON_BLOCKS = YES;
				GCC_OPTIMIZATION_LEVEL = 0;
				GCC_PREPROCESSOR_DEFINITIONS = (
					"DEBUG=1",
					"$(inherited)",
				);
				GCC_WARN_64_TO_32_BIT_CONVERSION = YES;
				GCC_WARN_ABOUT_RETURN_TYPE = YES_ERROR;
				GCC_WARN_UNDECLARED_SELECTOR = YES;
				GCC_WARN_UNINITIALIZED_AUTOS = YES_AGGRESSIVE;
				GCC_WARN_UNUSED_FUNCTION = YES;
				GCC_WARN_UNUSED_VARIABLE = YES;
				IPHONEOS_DEPLOYMENT_TARGET = 11.2;
				MTL_ENABLE_DEBUG_INFO = YES;
				ONLY_ACTIVE_ARCH = YES;
				SDKROOT = iphoneos;
				SWIFT_ACTIVE_COMPILATION_CONDITIONS = DEBUG;
				SWIFT_OPTIMIZATION_LEVEL = "-Onone";
			};
			name = Debug;
		};
		9F1FFCA1212588240008A2E9 /* Release */ = {
			isa = XCBuildConfiguration;
			buildSettings = {
				ALWAYS_SEARCH_USER_PATHS = NO;
				CLANG_ANALYZER_NONNULL = YES;
				CLANG_ANALYZER_NUMBER_OBJECT_CONVERSION = YES_AGGRESSIVE;
				CLANG_CXX_LANGUAGE_STANDARD = "gnu++14";
				CLANG_CXX_LIBRARY = "libc++";
				CLANG_ENABLE_MODULES = YES;
				CLANG_ENABLE_OBJC_ARC = YES;
				CLANG_WARN_BLOCK_CAPTURE_AUTORELEASING = YES;
				CLANG_WARN_BOOL_CONVERSION = YES;
				CLANG_WARN_COMMA = YES;
				CLANG_WARN_CONSTANT_CONVERSION = YES;
				CLANG_WARN_DIRECT_OBJC_ISA_USAGE = YES_ERROR;
				CLANG_WARN_DOCUMENTATION_COMMENTS = YES;
				CLANG_WARN_EMPTY_BODY = YES;
				CLANG_WARN_ENUM_CONVERSION = YES;
				CLANG_WARN_INFINITE_RECURSION = YES;
				CLANG_WARN_INT_CONVERSION = YES;
				CLANG_WARN_NON_LITERAL_NULL_CONVERSION = YES;
				CLANG_WARN_OBJC_LITERAL_CONVERSION = YES;
				CLANG_WARN_OBJC_ROOT_CLASS = YES_ERROR;
				CLANG_WARN_RANGE_LOOP_ANALYSIS = YES;
				CLANG_WARN_STRICT_PROTOTYPES = YES;
				CLANG_WARN_SUSPICIOUS_MOVE = YES;
				CLANG_WARN_UNGUARDED_AVAILABILITY = YES_AGGRESSIVE;
				CLANG_WARN_UNREACHABLE_CODE = YES;
				CLANG_WARN__DUPLICATE_METHOD_MATCH = YES;
				CODE_SIGN_IDENTITY = "iPhone Developer";
				COPY_PHASE_STRIP = NO;
				DEBUG_INFORMATION_FORMAT = "dwarf-with-dsym";
				ENABLE_NS_ASSERTIONS = NO;
				ENABLE_STRICT_OBJC_MSGSEND = YES;
				GCC_C_LANGUAGE_STANDARD = gnu11;
				GCC_NO_COMMON_BLOCKS = YES;
				GCC_WARN_64_TO_32_BIT_CONVERSION = YES;
				GCC_WARN_ABOUT_RETURN_TYPE = YES_ERROR;
				GCC_WARN_UNDECLARED_SELECTOR = YES;
				GCC_WARN_UNINITIALIZED_AUTOS = YES_AGGRESSIVE;
				GCC_WARN_UNUSED_FUNCTION = YES;
				GCC_WARN_UNUSED_VARIABLE = YES;
				IPHONEOS_DEPLOYMENT_TARGET = 11.2;
				MTL_ENABLE_DEBUG_INFO = NO;
				SDKROOT = iphoneos;
				SWIFT_OPTIMIZATION_LEVEL = "-Owholemodule";
				VALIDATE_PRODUCT = YES;
			};
			name = Release;
		};
		9F1FFCA3212588240008A2E9 /* Debug */ = {
			isa = XCBuildConfiguration;
			buildSettings = {
				ASSETCATALOG_COMPILER_APPICON_NAME = AppIcon;
				CODE_SIGN_STYLE = Automatic;
				DEVELOPMENT_TEAM = BX4CBW4TS6;
				INFOPLIST_FILE = "Poshmark WebView/Info.plist";
				LD_RUNPATH_SEARCH_PATHS = "$(inherited) @executable_path/Frameworks";
				PRODUCT_BUNDLE_IDENTIFIER = "com.SkylerBala.Poshmark-WebView";
				PRODUCT_NAME = "$(TARGET_NAME)";
				SWIFT_VERSION = 4.0;
				TARGETED_DEVICE_FAMILY = "1,2";
			};
			name = Debug;
		};
		9F1FFCA4212588240008A2E9 /* Release */ = {
			isa = XCBuildConfiguration;
			buildSettings = {
				ASSETCATALOG_COMPILER_APPICON_NAME = AppIcon;
				CODE_SIGN_STYLE = Automatic;
				DEVELOPMENT_TEAM = BX4CBW4TS6;
				INFOPLIST_FILE = "Poshmark WebView/Info.plist";
				LD_RUNPATH_SEARCH_PATHS = "$(inherited) @executable_path/Frameworks";
				PRODUCT_BUNDLE_IDENTIFIER = "com.SkylerBala.Poshmark-WebView";
				PRODUCT_NAME = "$(TARGET_NAME)";
				SWIFT_VERSION = 4.0;
				TARGETED_DEVICE_FAMILY = "1,2";
			};
			name = Release;
		};
		9F1FFCA6212588240008A2E9 /* Debug */ = {
			isa = XCBuildConfiguration;
			buildSettings = {
				ALWAYS_EMBED_SWIFT_STANDARD_LIBRARIES = YES;
				BUNDLE_LOADER = "$(TEST_HOST)";
				CODE_SIGN_STYLE = Automatic;
				DEVELOPMENT_TEAM = BX4CBW4TS6;
				INFOPLIST_FILE = "Poshmark WebViewTests/Info.plist";
				LD_RUNPATH_SEARCH_PATHS = "$(inherited) @executable_path/Frameworks @loader_path/Frameworks";
				PRODUCT_BUNDLE_IDENTIFIER = "com.SkylerBala.Poshmark-WebViewTests";
				PRODUCT_NAME = "$(TARGET_NAME)";
				SWIFT_VERSION = 4.0;
				TARGETED_DEVICE_FAMILY = "1,2";
				TEST_HOST = "$(BUILT_PRODUCTS_DIR)/Poshmark WebView.app/Poshmark WebView";
			};
			name = Debug;
		};
		9F1FFCA7212588240008A2E9 /* Release */ = {
			isa = XCBuildConfiguration;
			buildSettings = {
				ALWAYS_EMBED_SWIFT_STANDARD_LIBRARIES = YES;
				BUNDLE_LOADER = "$(TEST_HOST)";
				CODE_SIGN_STYLE = Automatic;
				DEVELOPMENT_TEAM = BX4CBW4TS6;
				INFOPLIST_FILE = "Poshmark WebViewTests/Info.plist";
				LD_RUNPATH_SEARCH_PATHS = "$(inherited) @executable_path/Frameworks @loader_path/Frameworks";
				PRODUCT_BUNDLE_IDENTIFIER = "com.SkylerBala.Poshmark-WebViewTests";
				PRODUCT_NAME = "$(TARGET_NAME)";
				SWIFT_VERSION = 4.0;
				TARGETED_DEVICE_FAMILY = "1,2";
				TEST_HOST = "$(BUILT_PRODUCTS_DIR)/Poshmark WebView.app/Poshmark WebView";
			};
			name = Release;
		};
		9F1FFCA9212588240008A2E9 /* Debug */ = {
			isa = XCBuildConfiguration;
			buildSettings = {
				ALWAYS_EMBED_SWIFT_STANDARD_LIBRARIES = YES;
				CODE_SIGN_STYLE = Automatic;
				DEVELOPMENT_TEAM = BX4CBW4TS6;
				INFOPLIST_FILE = "Poshmark WebViewUITests/Info.plist";
				LD_RUNPATH_SEARCH_PATHS = "$(inherited) @executable_path/Frameworks @loader_path/Frameworks";
				PRODUCT_BUNDLE_IDENTIFIER = "com.SkylerBala.Poshmark-WebViewUITests";
				PRODUCT_NAME = "$(TARGET_NAME)";
				SWIFT_VERSION = 4.0;
				TARGETED_DEVICE_FAMILY = "1,2";
				TEST_TARGET_NAME = "Poshmark WebView";
			};
			name = Debug;
		};
		9F1FFCAA212588240008A2E9 /* Release */ = {
			isa = XCBuildConfiguration;
			buildSettings = {
				ALWAYS_EMBED_SWIFT_STANDARD_LIBRARIES = YES;
				CODE_SIGN_STYLE = Automatic;
				DEVELOPMENT_TEAM = BX4CBW4TS6;
				INFOPLIST_FILE = "Poshmark WebViewUITests/Info.plist";
				LD_RUNPATH_SEARCH_PATHS = "$(inherited) @executable_path/Frameworks @loader_path/Frameworks";
				PRODUCT_BUNDLE_IDENTIFIER = "com.SkylerBala.Poshmark-WebViewUITests";
				PRODUCT_NAME = "$(TARGET_NAME)";
				SWIFT_VERSION = 4.0;
				TARGETED_DEVICE_FAMILY = "1,2";
				TEST_TARGET_NAME = "Poshmark WebView";
			};
			name = Release;
		};
/* End XCBuildConfiguration section */

/* Begin XCConfigurationList section */
		9F1FFC72212588240008A2E9 /* Build configuration list for PBXProject "Poshmark WebView" */ = {
			isa = XCConfigurationList;
			buildConfigurations = (
				9F1FFCA0212588240008A2E9 /* Debug */,
				9F1FFCA1212588240008A2E9 /* Release */,
			);
			defaultConfigurationIsVisible = 0;
			defaultConfigurationName = Release;
		};
		9F1FFCA2212588240008A2E9 /* Build configuration list for PBXNativeTarget "Poshmark WebView" */ = {
			isa = XCConfigurationList;
			buildConfigurations = (
				9F1FFCA3212588240008A2E9 /* Debug */,
				9F1FFCA4212588240008A2E9 /* Release */,
			);
			defaultConfigurationIsVisible = 0;
			defaultConfigurationName = Release;
		};
		9F1FFCA5212588240008A2E9 /* Build configuration list for PBXNativeTarget "Poshmark WebViewTests" */ = {
			isa = XCConfigurationList;
			buildConfigurations = (
				9F1FFCA6212588240008A2E9 /* Debug */,
				9F1FFCA7212588240008A2E9 /* Release */,
			);
			defaultConfigurationIsVisible = 0;
			defaultConfigurationName = Release;
		};
		9F1FFCA8212588240008A2E9 /* Build configuration list for PBXNativeTarget "Poshmark WebViewUITests" */ = {
			isa = XCConfigurationList;
			buildConfigurations = (
				9F1FFCA9212588240008A2E9 /* Debug */,
				9F1FFCAA212588240008A2E9 /* Release */,
			);
			defaultConfigurationIsVisible = 0;
			defaultConfigurationName = Release;
		};
/* End XCConfigurationList section */

/* Begin XCVersionGroup section */
		9F1FFC81212588240008A2E9 /* Poshmark_WebView.xcdatamodeld */ = {
			isa = XCVersionGroup;
			children = (
				9F1FFC82212588240008A2E9 /* Poshmark_WebView.xcdatamodel */,
			);
			currentVersion = 9F1FFC82212588240008A2E9 /* Poshmark_WebView.xcdatamodel */;
			path = Poshmark_WebView.xcdatamodeld;
			sourceTree = "<group>";
			versionGroupType = wrapper.xcdatamodel;
		};
/* End XCVersionGroup section */
	};
	rootObject = 9F1FFC6F212588240008A2E9 /* Project object */;
}
